
Microsoft Visual Studio Solution File, Format Version 12.00
# Visual Studio Version 16
VisualStudioVersion = 16.0.29418.71
MinimumVisualStudioVersion = 10.0.40219.1
Project("{FAE04EC0-301F-11D3-BF4B-00C04F79EFBC}") = "AndroidXmlTranslater", "AndroidXmlTranslater\AndroidXmlTranslater.csproj", "{63262404-7B14-49A3-8970-C304B673AF58}"
EndProject
Global
	GlobalSection(SolutionConfigurationPlatforms) = preSolution
		Debug|Any CPU = Debug|Any CPU
		Release|Any CPU = Release|Any CPU
	EndGlobalSection
	GlobalSection(ProjectConfigurationPlatforms) = postSolution
		{63262404-7B14-49A3-8970-C304B673AF58}.Debug|Any CPU.ActiveCfg = Debug|Any CPU
		{63262404-7B14-49A3-8970-C304B673AF58}.Debug|Any CPU.Build.0 = Debug|Any CPU
		{63262404-7B14-49A3-8970-C304B673AF58}.Release|Any CPU.ActiveCfg = Release|Any CPU
		{63262404-7B14-49A3-8970-C304B673AF58}.Release|Any CPU.Build.0 = Release|Any CPU
	EndGlobalSection
	GlobalSection(SolutionProperties) = preSolution
		HideSolutionNode = FALSE
	EndGlobalSection
	GlobalSection(ExtensibilityGlobals) = postSolution
		SolutionGuid = {FAE76DF5-A27B-496A-B03F-8F55649D8BBD}
	EndGlobalSection
EndGlobal
